{
  "name": "meteor-rx-server",
  "version": "6.0.0",
  "lockfileVersion": 1,
  "requires": true,
  "dependencies": {
    "@types/connect": {
      "version": "3.4.32",
      "resolved": "https://registry.npmjs.org/@types/connect/-/connect-3.4.32.tgz",
      "integrity": "sha512-4r8qa0quOvh7lGD0pre62CAb1oni1OO6ecJLGCezTmhQ8Fz50Arx9RUszryR8KlgK6avuSXvviL6yWyViQABOg==",
      "dev": true,
      "requires": {
        "@types/node": "*"
      }
    },
    "@types/meteor": {
      "version": "1.4.23",
      "resolved": "https://registry.npmjs.org/@types/meteor/-/meteor-1.4.23.tgz",
      "integrity": "sha512-TWhPFOC4b1/ui8FvqH4iIq6LNkY6qQTabmQjwSkrjmNpcF4CjIUSPZ6Rf8OGQ1fSbfLVgDbsK1vMOCS48mj5Qg==",
      "dev": true,
      "requires": {
        "@types/connect": "*",
        "@types/react": "*",
        "@types/underscore": "*"
      }
    },
    "@types/node": {
      "version": "10.12.9",
      "resolved": "https://registry.npmjs.org/@types/node/-/node-10.12.9.tgz",
      "integrity": "sha512-eajkMXG812/w3w4a1OcBlaTwsFPO5F7fJ/amy+tieQxEMWBlbV1JGSjkFM+zkHNf81Cad+dfIRA+IBkvmvdAeA==",
      "dev": true
    },
    "@types/prop-types": {
      "version": "15.5.6",
      "resolved": "https://registry.npmjs.org/@types/prop-types/-/prop-types-15.5.6.tgz",
      "integrity": "sha512-ZBFR7TROLVzCkswA3Fmqq+IIJt62/T7aY/Dmz+QkU7CaW2QFqAitCE8Ups7IzmGhcN1YWMBT4Qcoc07jU9hOJQ==",
      "dev": true
    },
    "@types/react": {
      "version": "16.7.6",
      "resolved": "https://registry.npmjs.org/@types/react/-/react-16.7.6.tgz",
      "integrity": "sha512-QBUfzftr/8eg/q3ZRgf/GaDP6rTYc7ZNem+g4oZM38C9vXyV8AWRWaTQuW5yCoZTsfHrN7b3DeEiUnqH9SrnpA==",
      "dev": true,
      "requires": {
        "@types/prop-types": "*",
        "csstype": "^2.2.0"
      }
    },
    "@types/underscore": {
      "version": "1.8.9",
      "resolved": "https://registry.npmjs.org/@types/underscore/-/underscore-1.8.9.tgz",
      "integrity": "sha512-vfzZGgZKRFy7KEWcBGfIFk+h6B+thDCLfkD1exMBMRlUsx2icA+J6y4kAbZs/TjSTeY1duw89QUU133TSzr60Q==",
      "dev": true
    },
    "csstype": {
      "version": "2.5.7",
      "resolved": "https://registry.npmjs.org/csstype/-/csstype-2.5.7.tgz",
      "integrity": "sha512-Nt5VDyOTIIV4/nRFswoCKps1R5CD1hkiyjBE9/thNaNZILLEviVw9yWQw15+O+CpNjQKB/uvdcxFFOrSflY3Yw==",
      "dev": true
    },
    "rxjs": {
      "version": "6.4.0",
      "resolved": "https://registry.npmjs.org/rxjs/-/rxjs-6.4.0.tgz",
      "integrity": "sha512-Z9Yfa11F6B9Sg/BK9MnqnQ+aQYicPLtilXBp2yUtDt2JRCE0h26d33EnfO3ZxoNxG0T92OUucP3Ct7cpfkdFfw==",
      "requires": {
        "tslib": "^1.9.0"
      }
    },
    "tslib": {
      "version": "1.10.0",
      "resolved": "https://registry.npmjs.org/tslib/-/tslib-1.10.0.tgz",
      "integrity": "sha512-qOebF53frne81cf0S9B41ByenJ3/IuH8yJKngAX35CmiZySA0khhkovshKK+jGCaMnVomla7gVlIcc3EvKPbTQ=="
    },
    "typescript": {
      "version": "3.1.6",
      "resolved": "https://registry.npmjs.org/typescript/-/typescript-3.1.6.tgz",
      "integrity": "sha512-tDMYfVtvpb96msS1lDX9MEdHrW4yOuZ4Kdc4Him9oU796XldPYF/t2+uKoX0BBa0hXXwDlqYQbXY5Rzjzc5hBA==",
      "dev": true
    }
  }
}
