{
  "name": "meteor-rx-server",
  "version": "0.1.0",
  "lockfileVersion": 1,
  "requires": true,
  "dependencies": {
    "@types/connect": {
      "version": "3.4.32",
      "resolved": "https://registry.npmjs.org/@types/connect/-/connect-3.4.32.tgz",
      "integrity": "sha512-4r8qa0quOvh7lGD0pre62CAb1oni1OO6ecJLGCezTmhQ8Fz50Arx9RUszryR8KlgK6avuSXvviL6yWyViQABOg==",
      "dev": true,
      "requires": {
        "@types/node": "*"
      }
    },
    "@types/meteor": {
      "version": "1.4.20",
      "resolved": "https://registry.npmjs.org/@types/meteor/-/meteor-1.4.20.tgz",
      "integrity": "sha512-qwi0KY8xxMKBOR+oykI3pegoVI4tns7KltjnTXbkEdzJ8lUaHR1qKfZZk6vvP+d3dP20Lc/+sfpsKGH8NpLp0w==",
      "dev": true,
      "requires": {
        "@types/connect": "*",
        "@types/underscore": "*"
      }
    },
    "@types/node": {
      "version": "10.9.4",
      "resolved": "https://registry.npmjs.org/@types/node/-/node-10.9.4.tgz",
      "integrity": "sha512-fCHV45gS+m3hH17zgkgADUSi2RR1Vht6wOZ0jyHP8rjiQra9f+mIcgwPQHllmDocYOstIEbKlxbFDYlgrTPYqw==",
      "dev": true
    },
    "@types/underscore": {
      "version": "1.8.9",
      "resolved": "https://registry.npmjs.org/@types/underscore/-/underscore-1.8.9.tgz",
      "integrity": "sha512-vfzZGgZKRFy7KEWcBGfIFk+h6B+thDCLfkD1exMBMRlUsx2icA+J6y4kAbZs/TjSTeY1duw89QUU133TSzr60Q==",
      "dev": true
    },
    "rxjs": {
      "version": "5.5.12",
      "resolved": "https://registry.npmjs.org/rxjs/-/rxjs-5.5.12.tgz",
      "integrity": "sha512-xx2itnL5sBbqeeiVgNPVuQQ1nC8Jp2WfNJhXWHmElW9YmrpS9UVnNzhP3EH3HFqexO5Tlp8GhYY+WEcqcVMvGw==",
      "requires": {
        "symbol-observable": "1.0.1"
      }
    },
    "symbol-observable": {
      "version": "1.0.1",
      "resolved": "https://registry.npmjs.org/symbol-observable/-/symbol-observable-1.0.1.tgz",
      "integrity": "sha1-g0D8RwLDEi310iKI+IKD9RPT/dQ="
    },
    "typescript": {
      "version": "3.0.3",
      "resolved": "https://registry.npmjs.org/typescript/-/typescript-3.0.3.tgz",
      "integrity": "sha512-kk80vLW9iGtjMnIv11qyxLqZm20UklzuR2tL0QAnDIygIUIemcZMxlMWudl9OOt76H3ntVzcTiddQ1/pAAJMYg==",
      "dev": true
    }
  }
}
